// !$*UTF8*$!
{
	archiveVersion = 1;
	classes = {
	};
	objectVersion = 50;
	objects = {

/* Begin PBXBuildFile section */
		34A064A621A0DD1F00A722C8 /* CircleView.swift in Sources */ = {isa = PBXBuildFile; fileRef = 34A064A521A0DD1F00A722C8 /* CircleView.swift */; };
		34B600C9219E51B500BC3C31 /* AppDelegate.swift in Sources */ = {isa = PBXBuildFile; fileRef = 34B600C8219E51B500BC3C31 /* AppDelegate.swift */; };
		34B600CB219E51B500BC3C31 /* SignInVC.swift in Sources */ = {isa = PBXBuildFile; fileRef = 34B600CA219E51B500BC3C31 /* SignInVC.swift */; };
		34B600CE219E51B500BC3C31 /* Main.storyboard in Resources */ = {isa = PBXBuildFile; fileRef = 34B600CC219E51B500BC3C31 /* Main.storyboard */; };
		34B600D0219E51B700BC3C31 /* Assets.xcassets in Resources */ = {isa = PBXBuildFile; fileRef = 34B600CF219E51B700BC3C31 /* Assets.xcassets */; };
		34B600D3219E51B700BC3C31 /* LaunchScreen.storyboard in Resources */ = {isa = PBXBuildFile; fileRef = 34B600D1219E51B700BC3C31 /* LaunchScreen.storyboard */; };
		34B600DE219E51B700BC3C31 /* inkHubTests.swift in Sources */ = {isa = PBXBuildFile; fileRef = 34B600DD219E51B700BC3C31 /* inkHubTests.swift */; };
		34B600E9219E51B700BC3C31 /* inkHubUITests.swift in Sources */ = {isa = PBXBuildFile; fileRef = 34B600E8219E51B700BC3C31 /* inkHubUITests.swift */; };
		34B600F7219E523900BC3C31 /* GoogleService-Info.plist in Resources */ = {isa = PBXBuildFile; fileRef = 34B600F6219E523800BC3C31 /* GoogleService-Info.plist */; };
		34B600FC219E9A3900BC3C31 /* FancyView.swift in Sources */ = {isa = PBXBuildFile; fileRef = 34B600FB219E9A3900BC3C31 /* FancyView.swift */; };
		34B600FF219E9AAE00BC3C31 /* Constants.swift in Sources */ = {isa = PBXBuildFile; fileRef = 34B600FE219E9AAE00BC3C31 /* Constants.swift */; };
		34B60101219E9CA200BC3C31 /* RoundBtn.swift in Sources */ = {isa = PBXBuildFile; fileRef = 34B60100219E9CA200BC3C31 /* RoundBtn.swift */; };
		34B60103219E9DBE00BC3C31 /* FancyField.swift in Sources */ = {isa = PBXBuildFile; fileRef = 34B60102219E9DBE00BC3C31 /* FancyField.swift */; };
		34B60105219E9F0000BC3C31 /* FancyBtn.swift in Sources */ = {isa = PBXBuildFile; fileRef = 34B60104219E9F0000BC3C31 /* FancyBtn.swift */; };
		34B60108219F77AA00BC3C31 /* FeedVC.swift in Sources */ = {isa = PBXBuildFile; fileRef = 34B60107219F77AA00BC3C31 /* FeedVC.swift */; };
		34B6010A219F951200BC3C31 /* FancyViewWithBorder.swift in Sources */ = {isa = PBXBuildFile; fileRef = 34B60109219F951200BC3C31 /* FancyViewWithBorder.swift */; };
		34E420C0219F9FE7002E3B92 /* NewPostVC.swift in Sources */ = {isa = PBXBuildFile; fileRef = 34E420BF219F9FE7002E3B92 /* NewPostVC.swift */; };
		37ED775AFB5795915E675D19 /* Pods_inkHub.framework in Frameworks */ = {isa = PBXBuildFile; fileRef = 68F66CCE34AC024ABD57E745 /* Pods_inkHub.framework */; };
		737AF8EFCC818DB94C1A46CB /* Pods_inkHubUITests.framework in Frameworks */ = {isa = PBXBuildFile; fileRef = EE23A699F8206BE8497608F0 /* Pods_inkHubUITests.framework */; };
		E677511985BC2DAC581F1C4C /* Pods_inkHubTests.framework in Frameworks */ = {isa = PBXBuildFile; fileRef = D12833D8CF7B30E3D6C92391 /* Pods_inkHubTests.framework */; };
/* End PBXBuildFile section */

/* Begin PBXContainerItemProxy section */
		34B600DA219E51B700BC3C31 /* PBXContainerItemProxy */ = {
			isa = PBXContainerItemProxy;
			containerPortal = 34B600BD219E51B500BC3C31 /* Project object */;
			proxyType = 1;
			remoteGlobalIDString = 34B600C4219E51B500BC3C31;
			remoteInfo = inkHub;
		};
		34B600E5219E51B700BC3C31 /* PBXContainerItemProxy */ = {
			isa = PBXContainerItemProxy;
			containerPortal = 34B600BD219E51B500BC3C31 /* Project object */;
			proxyType = 1;
			remoteGlobalIDString = 34B600C4219E51B500BC3C31;
			remoteInfo = inkHub;
		};
/* End PBXContainerItemProxy section */

/* Begin PBXFileReference section */
		34A064A521A0DD1F00A722C8 /* CircleView.swift */ = {isa = PBXFileReference; lastKnownFileType = sourcecode.swift; path = CircleView.swift; sourceTree = "<group>"; };
		34B600C5219E51B500BC3C31 /* inkHub.app */ = {isa = PBXFileReference; explicitFileType = wrapper.application; includeInIndex = 0; path = inkHub.app; sourceTree = BUILT_PRODUCTS_DIR; };
		34B600C8219E51B500BC3C31 /* AppDelegate.swift */ = {isa = PBXFileReference; lastKnownFileType = sourcecode.swift; path = AppDelegate.swift; sourceTree = "<group>"; };
		34B600CA219E51B500BC3C31 /* SignInVC.swift */ = {isa = PBXFileReference; lastKnownFileType = sourcecode.swift; path = SignInVC.swift; sourceTree = "<group>"; };
		34B600CD219E51B500BC3C31 /* Base */ = {isa = PBXFileReference; lastKnownFileType = file.storyboard; name = Base; path = Base.lproj/Main.storyboard; sourceTree = "<group>"; };
		34B600CF219E51B700BC3C31 /* Assets.xcassets */ = {isa = PBXFileReference; lastKnownFileType = folder.assetcatalog; path = Assets.xcassets; sourceTree = "<group>"; };
		34B600D2219E51B700BC3C31 /* Base */ = {isa = PBXFileReference; lastKnownFileType = file.storyboard; name = Base; path = Base.lproj/LaunchScreen.storyboard; sourceTree = "<group>"; };
		34B600D4219E51B700BC3C31 /* Info.plist */ = {isa = PBXFileReference; lastKnownFileType = text.plist.xml; path = Info.plist; sourceTree = "<group>"; };
		34B600D9219E51B700BC3C31 /* inkHubTests.xctest */ = {isa = PBXFileReference; explicitFileType = wrapper.cfbundle; includeInIndex = 0; path = inkHubTests.xctest; sourceTree = BUILT_PRODUCTS_DIR; };
		34B600DD219E51B700BC3C31 /* inkHubTests.swift */ = {isa = PBXFileReference; lastKnownFileType = sourcecode.swift; path = inkHubTests.swift; sourceTree = "<group>"; };
		34B600DF219E51B700BC3C31 /* Info.plist */ = {isa = PBXFileReference; lastKnownFileType = text.plist.xml; path = Info.plist; sourceTree = "<group>"; };
		34B600E4219E51B700BC3C31 /* inkHubUITests.xctest */ = {isa = PBXFileReference; explicitFileType = wrapper.cfbundle; includeInIndex = 0; path = inkHubUITests.xctest; sourceTree = BUILT_PRODUCTS_DIR; };
		34B600E8219E51B700BC3C31 /* inkHubUITests.swift */ = {isa = PBXFileReference; lastKnownFileType = sourcecode.swift; path = inkHubUITests.swift; sourceTree = "<group>"; };
		34B600EA219E51B700BC3C31 /* Info.plist */ = {isa = PBXFileReference; lastKnownFileType = text.plist.xml; path = Info.plist; sourceTree = "<group>"; };
		34B600F6219E523800BC3C31 /* GoogleService-Info.plist */ = {isa = PBXFileReference; fileEncoding = 4; lastKnownFileType = text.plist.xml; path = "GoogleService-Info.plist"; sourceTree = "<group>"; };
		34B600FB219E9A3900BC3C31 /* FancyView.swift */ = {isa = PBXFileReference; lastKnownFileType = sourcecode.swift; path = FancyView.swift; sourceTree = "<group>"; };
		34B600FE219E9AAE00BC3C31 /* Constants.swift */ = {isa = PBXFileReference; lastKnownFileType = sourcecode.swift; path = Constants.swift; sourceTree = "<group>"; };
		34B60100219E9CA200BC3C31 /* RoundBtn.swift */ = {isa = PBXFileReference; lastKnownFileType = sourcecode.swift; path = RoundBtn.swift; sourceTree = "<group>"; };
		34B60102219E9DBE00BC3C31 /* FancyField.swift */ = {isa = PBXFileReference; lastKnownFileType = sourcecode.swift; path = FancyField.swift; sourceTree = "<group>"; };
		34B60104219E9F0000BC3C31 /* FancyBtn.swift */ = {isa = PBXFileReference; lastKnownFileType = sourcecode.swift; path = FancyBtn.swift; sourceTree = "<group>"; };
		34B60106219F5E2E00BC3C31 /* inkHub.entitlements */ = {isa = PBXFileReference; lastKnownFileType = text.plist.entitlements; path = inkHub.entitlements; sourceTree = "<group>"; };
		34B60107219F77AA00BC3C31 /* FeedVC.swift */ = {isa = PBXFileReference; lastKnownFileType = sourcecode.swift; path = FeedVC.swift; sourceTree = "<group>"; };
		34B60109219F951200BC3C31 /* FancyViewWithBorder.swift */ = {isa = PBXFileReference; lastKnownFileType = sourcecode.swift; path = FancyViewWithBorder.swift; sourceTree = "<group>"; };
		34E420BF219F9FE7002E3B92 /* NewPostVC.swift */ = {isa = PBXFileReference; lastKnownFileType = sourcecode.swift; path = NewPostVC.swift; sourceTree = "<group>"; };
		68F66CCE34AC024ABD57E745 /* Pods_inkHub.framework */ = {isa = PBXFileReference; explicitFileType = wrapper.framework; includeInIndex = 0; path = Pods_inkHub.framework; sourceTree = BUILT_PRODUCTS_DIR; };
		6AAFA176960EB8F4603BF476 /* Pods-inkHubUITests.debug.xcconfig */ = {isa = PBXFileReference; includeInIndex = 1; lastKnownFileType = text.xcconfig; name = "Pods-inkHubUITests.debug.xcconfig"; path = "Pods/Target Support Files/Pods-inkHubUITests/Pods-inkHubUITests.debug.xcconfig"; sourceTree = "<group>"; };
		ABD03DF778614A673741A87B /* Pods-inkHub.release.xcconfig */ = {isa = PBXFileReference; includeInIndex = 1; lastKnownFileType = text.xcconfig; name = "Pods-inkHub.release.xcconfig"; path = "Pods/Target Support Files/Pods-inkHub/Pods-inkHub.release.xcconfig"; sourceTree = "<group>"; };
		B6A154329D94EDBFE6BCA4FA /* Pods-inkHub.debug.xcconfig */ = {isa = PBXFileReference; includeInIndex = 1; lastKnownFileType = text.xcconfig; name = "Pods-inkHub.debug.xcconfig"; path = "Pods/Target Support Files/Pods-inkHub/Pods-inkHub.debug.xcconfig"; sourceTree = "<group>"; };
		CEF01A01CCB2C5DD97C6073F /* Pods-inkHubTests.release.xcconfig */ = {isa = PBXFileReference; includeInIndex = 1; lastKnownFileType = text.xcconfig; name = "Pods-inkHubTests.release.xcconfig"; path = "Pods/Target Support Files/Pods-inkHubTests/Pods-inkHubTests.release.xcconfig"; sourceTree = "<group>"; };
		D12833D8CF7B30E3D6C92391 /* Pods_inkHubTests.framework */ = {isa = PBXFileReference; explicitFileType = wrapper.framework; includeInIndex = 0; path = Pods_inkHubTests.framework; sourceTree = BUILT_PRODUCTS_DIR; };
		DBAE2616C8BA9390EE7D2570 /* Pods-inkHubUITests.release.xcconfig */ = {isa = PBXFileReference; includeInIndex = 1; lastKnownFileType = text.xcconfig; name = "Pods-inkHubUITests.release.xcconfig"; path = "Pods/Target Support Files/Pods-inkHubUITests/Pods-inkHubUITests.release.xcconfig"; sourceTree = "<group>"; };
		E6AE77E49DC301ECA1567E76 /* Pods-inkHubTests.debug.xcconfig */ = {isa = PBXFileReference; includeInIndex = 1; lastKnownFileType = text.xcconfig; name = "Pods-inkHubTests.debug.xcconfig"; path = "Pods/Target Support Files/Pods-inkHubTests/Pods-inkHubTests.debug.xcconfig"; sourceTree = "<group>"; };
		EE23A699F8206BE8497608F0 /* Pods_inkHubUITests.framework */ = {isa = PBXFileReference; explicitFileType = wrapper.framework; includeInIndex = 0; path = Pods_inkHubUITests.framework; sourceTree = BUILT_PRODUCTS_DIR; };
/* End PBXFileReference section */

/* Begin PBXFrameworksBuildPhase section */
		34B600C2219E51B500BC3C31 /* Frameworks */ = {
			isa = PBXFrameworksBuildPhase;
			buildActionMask = 2147483647;
			files = (
				37ED775AFB5795915E675D19 /* Pods_inkHub.framework in Frameworks */,
			);
			runOnlyForDeploymentPostprocessing = 0;
		};
		34B600D6219E51B700BC3C31 /* Frameworks */ = {
			isa = PBXFrameworksBuildPhase;
			buildActionMask = 2147483647;
			files = (
				E677511985BC2DAC581F1C4C /* Pods_inkHubTests.framework in Frameworks */,
			);
			runOnlyForDeploymentPostprocessing = 0;
		};
		34B600E1219E51B700BC3C31 /* Frameworks */ = {
			isa = PBXFrameworksBuildPhase;
			buildActionMask = 2147483647;
			files = (
				737AF8EFCC818DB94C1A46CB /* Pods_inkHubUITests.framework in Frameworks */,
			);
			runOnlyForDeploymentPostprocessing = 0;
		};
/* End PBXFrameworksBuildPhase section */

/* Begin PBXGroup section */
		03BC54149C6C926FBBF10127 /* Frameworks */ = {
			isa = PBXGroup;
			children = (
				68F66CCE34AC024ABD57E745 /* Pods_inkHub.framework */,
				D12833D8CF7B30E3D6C92391 /* Pods_inkHubTests.framework */,
				EE23A699F8206BE8497608F0 /* Pods_inkHubUITests.framework */,
			);
			name = Frameworks;
			sourceTree = "<group>";
		};
		34B600BC219E51B500BC3C31 = {
			isa = PBXGroup;
			children = (
				34B600C7219E51B500BC3C31 /* inkHub */,
				34B600DC219E51B700BC3C31 /* inkHubTests */,
				34B600E7219E51B700BC3C31 /* inkHubUITests */,
				34B600C6219E51B500BC3C31 /* Products */,
				A1EBFC8B8B97F1FEA5E21644 /* Pods */,
				03BC54149C6C926FBBF10127 /* Frameworks */,
			);
			sourceTree = "<group>";
		};
		34B600C6219E51B500BC3C31 /* Products */ = {
			isa = PBXGroup;
			children = (
				34B600C5219E51B500BC3C31 /* inkHub.app */,
				34B600D9219E51B700BC3C31 /* inkHubTests.xctest */,
				34B600E4219E51B700BC3C31 /* inkHubUITests.xctest */,
			);
			name = Products;
			sourceTree = "<group>";
		};
		34B600C7219E51B500BC3C31 /* inkHub */ = {
			isa = PBXGroup;
			children = (
				34B60106219F5E2E00BC3C31 /* inkHub.entitlements */,
				34B600FD219E9A9300BC3C31 /* Util */,
				34B600F8219E56F300BC3C31 /* Model */,
				34B600FA219E56FD00BC3C31 /* Controller */,
				34B600F9219E56F900BC3C31 /* View */,
				34B600C8219E51B500BC3C31 /* AppDelegate.swift */,
				34B600CC219E51B500BC3C31 /* Main.storyboard */,
				34B600CF219E51B700BC3C31 /* Assets.xcassets */,
				34B600D1219E51B700BC3C31 /* LaunchScreen.storyboard */,
				34B600D4219E51B700BC3C31 /* Info.plist */,
				34B600F6219E523800BC3C31 /* GoogleService-Info.plist */,
			);
			path = inkHub;
			sourceTree = "<group>";
		};
		34B600DC219E51B700BC3C31 /* inkHubTests */ = {
			isa = PBXGroup;
			children = (
				34B600DD219E51B700BC3C31 /* inkHubTests.swift */,
				34B600DF219E51B700BC3C31 /* Info.plist */,
			);
			path = inkHubTests;
			sourceTree = "<group>";
		};
		34B600E7219E51B700BC3C31 /* inkHubUITests */ = {
			isa = PBXGroup;
			children = (
				34B600E8219E51B700BC3C31 /* inkHubUITests.swift */,
				34B600EA219E51B700BC3C31 /* Info.plist */,
			);
			path = inkHubUITests;
			sourceTree = "<group>";
		};
		34B600F8219E56F300BC3C31 /* Model */ = {
			isa = PBXGroup;
			children = (
			);
			path = Model;
			sourceTree = "<group>";
		};
		34B600F9219E56F900BC3C31 /* View */ = {
			isa = PBXGroup;
			children = (
				34B600FB219E9A3900BC3C31 /* FancyView.swift */,
				34B60100219E9CA200BC3C31 /* RoundBtn.swift */,
				34B60102219E9DBE00BC3C31 /* FancyField.swift */,
				34B60104219E9F0000BC3C31 /* FancyBtn.swift */,
				34B60109219F951200BC3C31 /* FancyViewWithBorder.swift */,
				34A064A521A0DD1F00A722C8 /* CircleView.swift */,
			);
			path = View;
			sourceTree = "<group>";
		};
		34B600FA219E56FD00BC3C31 /* Controller */ = {
			isa = PBXGroup;
			children = (
				34B600CA219E51B500BC3C31 /* SignInVC.swift */,
				34B60107219F77AA00BC3C31 /* FeedVC.swift */,
				34E420BF219F9FE7002E3B92 /* NewPostVC.swift */,
			);
			path = Controller;
			sourceTree = "<group>";
		};
		34B600FD219E9A9300BC3C31 /* Util */ = {
			isa = PBXGroup;
			children = (
				34B600FE219E9AAE00BC3C31 /* Constants.swift */,
			);
			path = Util;
			sourceTree = "<group>";
		};
		A1EBFC8B8B97F1FEA5E21644 /* Pods */ = {
			isa = PBXGroup;
			children = (
				B6A154329D94EDBFE6BCA4FA /* Pods-inkHub.debug.xcconfig */,
				ABD03DF778614A673741A87B /* Pods-inkHub.release.xcconfig */,
				E6AE77E49DC301ECA1567E76 /* Pods-inkHubTests.debug.xcconfig */,
				CEF01A01CCB2C5DD97C6073F /* Pods-inkHubTests.release.xcconfig */,
				6AAFA176960EB8F4603BF476 /* Pods-inkHubUITests.debug.xcconfig */,
				DBAE2616C8BA9390EE7D2570 /* Pods-inkHubUITests.release.xcconfig */,
			);
			name = Pods;
			sourceTree = "<group>";
		};
/* End PBXGroup section */

/* Begin PBXNativeTarget section */
		34B600C4219E51B500BC3C31 /* inkHub */ = {
			isa = PBXNativeTarget;
			buildConfigurationList = 34B600ED219E51B700BC3C31 /* Build configuration list for PBXNativeTarget "inkHub" */;
			buildPhases = (
				8D5735D8FBD7E213735BFA1B /* [CP] Check Pods Manifest.lock */,
				34B600C1219E51B500BC3C31 /* Sources */,
				34B600C2219E51B500BC3C31 /* Frameworks */,
				34B600C3219E51B500BC3C31 /* Resources */,
				AB7334C7753C81E9C501645B /* [CP] Embed Pods Frameworks */,
			);
			buildRules = (
			);
			dependencies = (
			);
			name = inkHub;
			productName = inkHub;
			productReference = 34B600C5219E51B500BC3C31 /* inkHub.app */;
			productType = "com.apple.product-type.application";
		};
		34B600D8219E51B700BC3C31 /* inkHubTests */ = {
			isa = PBXNativeTarget;
			buildConfigurationList = 34B600F0219E51B700BC3C31 /* Build configuration list for PBXNativeTarget "inkHubTests" */;
			buildPhases = (
				E4B8B30003187C227350BE8E /* [CP] Check Pods Manifest.lock */,
				34B600D5219E51B700BC3C31 /* Sources */,
				34B600D6219E51B700BC3C31 /* Frameworks */,
				34B600D7219E51B700BC3C31 /* Resources */,
			);
			buildRules = (
			);
			dependencies = (
				34B600DB219E51B700BC3C31 /* PBXTargetDependency */,
			);
			name = inkHubTests;
			productName = inkHubTests;
			productReference = 34B600D9219E51B700BC3C31 /* inkHubTests.xctest */;
			productType = "com.apple.product-type.bundle.unit-test";
		};
		34B600E3219E51B700BC3C31 /* inkHubUITests */ = {
			isa = PBXNativeTarget;
			buildConfigurationList = 34B600F3219E51B700BC3C31 /* Build configuration list for PBXNativeTarget "inkHubUITests" */;
			buildPhases = (
				2736F7B9D8F1AB1777F534DB /* [CP] Check Pods Manifest.lock */,
				34B600E0219E51B700BC3C31 /* Sources */,
				34B600E1219E51B700BC3C31 /* Frameworks */,
				34B600E2219E51B700BC3C31 /* Resources */,
			);
			buildRules = (
			);
			dependencies = (
				34B600E6219E51B700BC3C31 /* PBXTargetDependency */,
			);
			name = inkHubUITests;
			productName = inkHubUITests;
			productReference = 34B600E4219E51B700BC3C31 /* inkHubUITests.xctest */;
			productType = "com.apple.product-type.bundle.ui-testing";
		};
/* End PBXNativeTarget section */

/* Begin PBXProject section */
		34B600BD219E51B500BC3C31 /* Project object */ = {
			isa = PBXProject;
			attributes = {
				LastSwiftUpdateCheck = 1010;
				LastUpgradeCheck = 1010;
				ORGANIZATIONNAME = KMTech;
				TargetAttributes = {
					34B600C4219E51B500BC3C31 = {
						CreatedOnToolsVersion = 10.1;
						SystemCapabilities = {
							com.apple.Keychain = {
								enabled = 1;
							};
						};
					};
					34B600D8219E51B700BC3C31 = {
						CreatedOnToolsVersion = 10.1;
						TestTargetID = 34B600C4219E51B500BC3C31;
					};
					34B600E3219E51B700BC3C31 = {
						CreatedOnToolsVersion = 10.1;
						TestTargetID = 34B600C4219E51B500BC3C31;
					};
				};
			};
			buildConfigurationList = 34B600C0219E51B500BC3C31 /* Build configuration list for PBXProject "inkHub" */;
			compatibilityVersion = "Xcode 9.3";
			developmentRegion = en;
			hasScannedForEncodings = 0;
			knownRegions = (
				en,
				Base,
			);
			mainGroup = 34B600BC219E51B500BC3C31;
			productRefGroup = 34B600C6219E51B500BC3C31 /* Products */;
			projectDirPath = "";
			projectRoot = "";
			targets = (
				34B600C4219E51B500BC3C31 /* inkHub */,
				34B600D8219E51B700BC3C31 /* inkHubTests */,
				34B600E3219E51B700BC3C31 /* inkHubUITests */,
			);
		};
/* End PBXProject section */

/* Begin PBXResourcesBuildPhase section */
		34B600C3219E51B500BC3C31 /* Resources */ = {
			isa = PBXResourcesBuildPhase;
			buildActionMask = 2147483647;
			files = (
				34B600D3219E51B700BC3C31 /* LaunchScreen.storyboard in Resources */,
				34B600F7219E523900BC3C31 /* GoogleService-Info.plist in Resources */,
				34B600D0219E51B700BC3C31 /* Assets.xcassets in Resources */,
				34B600CE219E51B500BC3C31 /* Main.storyboard in Resources */,
			);
			runOnlyForDeploymentPostprocessing = 0;
		};
		34B600D7219E51B700BC3C31 /* Resources */ = {
			isa = PBXResourcesBuildPhase;
			buildActionMask = 2147483647;
			files = (
			);
			runOnlyForDeploymentPostprocessing = 0;
		};
		34B600E2219E51B700BC3C31 /* Resources */ = {
			isa = PBXResourcesBuildPhase;
			buildActionMask = 2147483647;
			files = (
			);
			runOnlyForDeploymentPostprocessing = 0;
		};
/* End PBXResourcesBuildPhase section */

/* Begin PBXShellScriptBuildPhase section */
		2736F7B9D8F1AB1777F534DB /* [CP] Check Pods Manifest.lock */ = {
			isa = PBXShellScriptBuildPhase;
			buildActionMask = 2147483647;
			files = (
			);
			inputFileListPaths = (
			);
			inputPaths = (
				"${PODS_PODFILE_DIR_PATH}/Podfile.lock",
				"${PODS_ROOT}/Manifest.lock",
			);
			name = "[CP] Check Pods Manifest.lock";
			outputFileListPaths = (
			);
			outputPaths = (
				"$(DERIVED_FILE_DIR)/Pods-inkHubUITests-checkManifestLockResult.txt",
			);
			runOnlyForDeploymentPostprocessing = 0;
			shellPath = /bin/sh;
			shellScript = "diff \"${PODS_PODFILE_DIR_PATH}/Podfile.lock\" \"${PODS_ROOT}/Manifest.lock\" > /dev/null\nif [ $? != 0 ] ; then\n    # print error to STDERR\n    echo \"error: The sandbox is not in sync with the Podfile.lock. Run 'pod install' or update your CocoaPods installation.\" >&2\n    exit 1\nfi\n# This output is used by Xcode 'outputs' to avoid re-running this script phase.\necho \"SUCCESS\" > \"${SCRIPT_OUTPUT_FILE_0}\"\n";
			showEnvVarsInLog = 0;
		};
		8D5735D8FBD7E213735BFA1B /* [CP] Check Pods Manifest.lock */ = {
			isa = PBXShellScriptBuildPhase;
			buildActionMask = 2147483647;
			files = (
			);
			inputFileListPaths = (
			);
			inputPaths = (
				"${PODS_PODFILE_DIR_PATH}/Podfile.lock",
				"${PODS_ROOT}/Manifest.lock",
			);
			name = "[CP] Check Pods Manifest.lock";
			outputFileListPaths = (
			);
			outputPaths = (
				"$(DERIVED_FILE_DIR)/Pods-inkHub-checkManifestLockResult.txt",
			);
			runOnlyForDeploymentPostprocessing = 0;
			shellPath = /bin/sh;
			shellScript = "diff \"${PODS_PODFILE_DIR_PATH}/Podfile.lock\" \"${PODS_ROOT}/Manifest.lock\" > /dev/null\nif [ $? != 0 ] ; then\n    # print error to STDERR\n    echo \"error: The sandbox is not in sync with the Podfile.lock. Run 'pod install' or update your CocoaPods installation.\" >&2\n    exit 1\nfi\n# This output is used by Xcode 'outputs' to avoid re-running this script phase.\necho \"SUCCESS\" > \"${SCRIPT_OUTPUT_FILE_0}\"\n";
			showEnvVarsInLog = 0;
		};
		AB7334C7753C81E9C501645B /* [CP] Embed Pods Frameworks */ = {
			isa = PBXShellScriptBuildPhase;
			buildActionMask = 2147483647;
			files = (
			);
			inputFileListPaths = (
			);
			inputPaths = (
				"${SRCROOT}/Pods/Target Support Files/Pods-inkHub/Pods-inkHub-frameworks.sh",
				"${BUILT_PRODUCTS_DIR}/Bolts/Bolts.framework",
				"${BUILT_PRODUCTS_DIR}/FBSDKCoreKit/FBSDKCoreKit.framework",
				"${BUILT_PRODUCTS_DIR}/FBSDKLoginKit/FBSDKLoginKit.framework",
				"${BUILT_PRODUCTS_DIR}/GTMSessionFetcher/GTMSessionFetcher.framework",
				"${BUILT_PRODUCTS_DIR}/GoogleUtilities/GoogleUtilities.framework",
				"${BUILT_PRODUCTS_DIR}/IQKeyboardManagerSwift/IQKeyboardManagerSwift.framework",
				"${BUILT_PRODUCTS_DIR}/SwiftKeychainWrapper/SwiftKeychainWrapper.framework",
				"${BUILT_PRODUCTS_DIR}/leveldb-library/leveldb.framework",
				"${BUILT_PRODUCTS_DIR}/nanopb/nanopb.framework",
			);
			name = "[CP] Embed Pods Frameworks";
			outputFileListPaths = (
			);
			outputPaths = (
				"${TARGET_BUILD_DIR}/${FRAMEWORKS_FOLDER_PATH}/Bolts.framework",
				"${TARGET_BUILD_DIR}/${FRAMEWORKS_FOLDER_PATH}/FBSDKCoreKit.framework",
				"${TARGET_BUILD_DIR}/${FRAMEWORKS_FOLDER_PATH}/FBSDKLoginKit.framework",
				"${TARGET_BUILD_DIR}/${FRAMEWORKS_FOLDER_PATH}/GTMSessionFetcher.framework",
				"${TARGET_BUILD_DIR}/${FRAMEWORKS_FOLDER_PATH}/GoogleUtilities.framework",
				"${TARGET_BUILD_DIR}/${FRAMEWORKS_FOLDER_PATH}/IQKeyboardManagerSwift.framework",
				"${TARGET_BUILD_DIR}/${FRAMEWORKS_FOLDER_PATH}/SwiftKeychainWrapper.framework",
				"${TARGET_BUILD_DIR}/${FRAMEWORKS_FOLDER_PATH}/leveldb.framework",
				"${TARGET_BUILD_DIR}/${FRAMEWORKS_FOLDER_PATH}/nanopb.framework",
			);
			runOnlyForDeploymentPostprocessing = 0;
			shellPath = /bin/sh;
			shellScript = "\"${SRCROOT}/Pods/Target Support Files/Pods-inkHub/Pods-inkHub-frameworks.sh\"\n";
			showEnvVarsInLog = 0;
		};
		E4B8B30003187C227350BE8E /* [CP] Check Pods Manifest.lock */ = {
			isa = PBXShellScriptBuildPhase;
			buildActionMask = 2147483647;
			files = (
			);
			inputFileListPaths = (
			);
			inputPaths = (
				"${PODS_PODFILE_DIR_PATH}/Podfile.lock",
				"${PODS_ROOT}/Manifest.lock",
			);
			name = "[CP] Check Pods Manifest.lock";
			outputFileListPaths = (
			);
			outputPaths = (
				"$(DERIVED_FILE_DIR)/Pods-inkHubTests-checkManifestLockResult.txt",
			);
			runOnlyForDeploymentPostprocessing = 0;
			shellPath = /bin/sh;
			shellScript = "diff \"${PODS_PODFILE_DIR_PATH}/Podfile.lock\" \"${PODS_ROOT}/Manifest.lock\" > /dev/null\nif [ $? != 0 ] ; then\n    # print error to STDERR\n    echo \"error: The sandbox is not in sync with the Podfile.lock. Run 'pod install' or update your CocoaPods installation.\" >&2\n    exit 1\nfi\n# This output is used by Xcode 'outputs' to avoid re-running this script phase.\necho \"SUCCESS\" > \"${SCRIPT_OUTPUT_FILE_0}\"\n";
			showEnvVarsInLog = 0;
		};
/* End PBXShellScriptBuildPhase section */

/* Begin PBXSourcesBuildPhase section */
		34B600C1219E51B500BC3C31 /* Sources */ = {
			isa = PBXSourcesBuildPhase;
			buildActionMask = 2147483647;
			files = (
				34B60103219E9DBE00BC3C31 /* FancyField.swift in Sources */,
				34B600CB219E51B500BC3C31 /* SignInVC.swift in Sources */,
				34B60101219E9CA200BC3C31 /* RoundBtn.swift in Sources */,
				34B600C9219E51B500BC3C31 /* AppDelegate.swift in Sources */,
				34B60108219F77AA00BC3C31 /* FeedVC.swift in Sources */,
				34B600FC219E9A3900BC3C31 /* FancyView.swift in Sources */,
				34A064A621A0DD1F00A722C8 /* CircleView.swift in Sources */,
				34B600FF219E9AAE00BC3C31 /* Constants.swift in Sources */,
				34E420C0219F9FE7002E3B92 /* NewPostVC.swift in Sources */,
				34B6010A219F951200BC3C31 /* FancyViewWithBorder.swift in Sources */,
				34B60105219E9F0000BC3C31 /* FancyBtn.swift in Sources */,
			);
			runOnlyForDeploymentPostprocessing = 0;
		};
		34B600D5219E51B700BC3C31 /* Sources */ = {
			isa = PBXSourcesBuildPhase;
			buildActionMask = 2147483647;
			files = (
				34B600DE219E51B700BC3C31 /* inkHubTests.swift in Sources */,
			);
			runOnlyForDeploymentPostprocessing = 0;
		};
		34B600E0219E51B700BC3C31 /* Sources */ = {
			isa = PBXSourcesBuildPhase;
			buildActionMask = 2147483647;
			files = (
				34B600E9219E51B700BC3C31 /* inkHubUITests.swift in Sources */,
			);
			runOnlyForDeploymentPostprocessing = 0;
		};
/* End PBXSourcesBuildPhase section */

/* Begin PBXTargetDependency section */
		34B600DB219E51B700BC3C31 /* PBXTargetDependency */ = {
			isa = PBXTargetDependency;
			target = 34B600C4219E51B500BC3C31 /* inkHub */;
			targetProxy = 34B600DA219E51B700BC3C31 /* PBXContainerItemProxy */;
		};
		34B600E6219E51B700BC3C31 /* PBXTargetDependency */ = {
			isa = PBXTargetDependency;
			target = 34B600C4219E51B500BC3C31 /* inkHub */;
			targetProxy = 34B600E5219E51B700BC3C31 /* PBXContainerItemProxy */;
		};
/* End PBXTargetDependency section */

/* Begin PBXVariantGroup section */
		34B600CC219E51B500BC3C31 /* Main.storyboard */ = {
			isa = PBXVariantGroup;
			children = (
				34B600CD219E51B500BC3C31 /* Base */,
			);
			name = Main.storyboard;
			sourceTree = "<group>";
		};
		34B600D1219E51B700BC3C31 /* LaunchScreen.storyboard */ = {
			isa = PBXVariantGroup;
			children = (
				34B600D2219E51B700BC3C31 /* Base */,
			);
			name = LaunchScreen.storyboard;
			sourceTree = "<group>";
		};
/* End PBXVariantGroup section */

/* Begin XCBuildConfiguration section */
		34B600EB219E51B700BC3C31 /* Debug */ = {
			isa = XCBuildConfiguration;
			buildSettings = {
				ALWAYS_SEARCH_USER_PATHS = NO;
				CLANG_ANALYZER_NONNULL = YES;
				CLANG_ANALYZER_NUMBER_OBJECT_CONVERSION = YES_AGGRESSIVE;
				CLANG_CXX_LANGUAGE_STANDARD = "gnu++14";
				CLANG_CXX_LIBRARY = "libc++";
				CLANG_ENABLE_MODULES = YES;
				CLANG_ENABLE_OBJC_ARC = YES;
				CLANG_ENABLE_OBJC_WEAK = YES;
				CLANG_WARN_BLOCK_CAPTURE_AUTORELEASING = YES;
				CLANG_WARN_BOOL_CONVERSION = YES;
				CLANG_WARN_COMMA = YES;
				CLANG_WARN_CONSTANT_CONVERSION = YES;
				CLANG_WARN_DEPRECATED_OBJC_IMPLEMENTATIONS = YES;
				CLANG_WARN_DIRECT_OBJC_ISA_USAGE = YES_ERROR;
				CLANG_WARN_DOCUMENTATION_COMMENTS = YES;
				CLANG_WARN_EMPTY_BODY = YES;
				CLANG_WARN_ENUM_CONVERSION = YES;
				CLANG_WARN_INFINITE_RECURSION = YES;
				CLANG_WARN_INT_CONVERSION = YES;
				CLANG_WARN_NON_LITERAL_NULL_CONVERSION = YES;
				CLANG_WARN_OBJC_IMPLICIT_RETAIN_SELF = YES;
				CLANG_WARN_OBJC_LITERAL_CONVERSION = YES;
				CLANG_WARN_OBJC_ROOT_CLASS = YES_ERROR;
				CLANG_WARN_RANGE_LOOP_ANALYSIS = YES;
				CLANG_WARN_STRICT_PROTOTYPES = YES;
				CLANG_WARN_SUSPICIOUS_MOVE = YES;
				CLANG_WARN_UNGUARDED_AVAILABILITY = YES_AGGRESSIVE;
				CLANG_WARN_UNREACHABLE_CODE = YES;
				CLANG_WARN__DUPLICATE_METHOD_MATCH = YES;
				CODE_SIGN_IDENTITY = "iPhone Developer";
				COPY_PHASE_STRIP = NO;
				DEBUG_INFORMATION_FORMAT = dwarf;
				ENABLE_STRICT_OBJC_MSGSEND = YES;
				ENABLE_TESTABILITY = YES;
				GCC_C_LANGUAGE_STANDARD = gnu11;
				GCC_DYNAMIC_NO_PIC = NO;
				GCC_NO_COMMON_BLOCKS = YES;
				GCC_OPTIMIZATION_LEVEL = 0;
				GCC_PREPROCESSOR_DEFINITIONS = (
					"DEBUG=1",
					"$(inherited)",
				);
				GCC_WARN_64_TO_32_BIT_CONVERSION = YES;
				GCC_WARN_ABOUT_RETURN_TYPE = YES_ERROR;
				GCC_WARN_UNDECLARED_SELECTOR = YES;
				GCC_WARN_UNINITIALIZED_AUTOS = YES_AGGRESSIVE;
				GCC_WARN_UNUSED_FUNCTION = YES;
				GCC_WARN_UNUSED_VARIABLE = YES;
				IPHONEOS_DEPLOYMENT_TARGET = 12.1;
				MTL_ENABLE_DEBUG_INFO = INCLUDE_SOURCE;
				MTL_FAST_MATH = YES;
				ONLY_ACTIVE_ARCH = YES;
				SDKROOT = iphoneos;
				SWIFT_ACTIVE_COMPILATION_CONDITIONS = DEBUG;
				SWIFT_OPTIMIZATION_LEVEL = "-Onone";
			};
			name = Debug;
		};
		34B600EC219E51B700BC3C31 /* Release */ = {
			isa = XCBuildConfiguration;
			buildSettings = {
				ALWAYS_SEARCH_USER_PATHS = NO;
				CLANG_ANALYZER_NONNULL = YES;
				CLANG_ANALYZER_NUMBER_OBJECT_CONVERSION = YES_AGGRESSIVE;
				CLANG_CXX_LANGUAGE_STANDARD = "gnu++14";
				CLANG_CXX_LIBRARY = "libc++";
				CLANG_ENABLE_MODULES = YES;
				CLANG_ENABLE_OBJC_ARC = YES;
				CLANG_ENABLE_OBJC_WEAK = YES;
				CLANG_WARN_BLOCK_CAPTURE_AUTORELEASING = YES;
				CLANG_WARN_BOOL_CONVERSION = YES;
				CLANG_WARN_COMMA = YES;
				CLANG_WARN_CONSTANT_CONVERSION = YES;
				CLANG_WARN_DEPRECATED_OBJC_IMPLEMENTATIONS = YES;
				CLANG_WARN_DIRECT_OBJC_ISA_USAGE = YES_ERROR;
				CLANG_WARN_DOCUMENTATION_COMMENTS = YES;
				CLANG_WARN_EMPTY_BODY = YES;
				CLANG_WARN_ENUM_CONVERSION = YES;
				CLANG_WARN_INFINITE_RECURSION = YES;
				CLANG_WARN_INT_CONVERSION = YES;
				CLANG_WARN_NON_LITERAL_NULL_CONVERSION = YES;
				CLANG_WARN_OBJC_IMPLICIT_RETAIN_SELF = YES;
				CLANG_WARN_OBJC_LITERAL_CONVERSION = YES;
				CLANG_WARN_OBJC_ROOT_CLASS = YES_ERROR;
				CLANG_WARN_RANGE_LOOP_ANALYSIS = YES;
				CLANG_WARN_STRICT_PROTOTYPES = YES;
				CLANG_WARN_SUSPICIOUS_MOVE = YES;
				CLANG_WARN_UNGUARDED_AVAILABILITY = YES_AGGRESSIVE;
				CLANG_WARN_UNREACHABLE_CODE = YES;
				CLANG_WARN__DUPLICATE_METHOD_MATCH = YES;
				CODE_SIGN_IDENTITY = "iPhone Developer";
				COPY_PHASE_STRIP = NO;
				DEBUG_INFORMATION_FORMAT = "dwarf-with-dsym";
				ENABLE_NS_ASSERTIONS = NO;
				ENABLE_STRICT_OBJC_MSGSEND = YES;
				GCC_C_LANGUAGE_STANDARD = gnu11;
				GCC_NO_COMMON_BLOCKS = YES;
				GCC_WARN_64_TO_32_BIT_CONVERSION = YES;
				GCC_WARN_ABOUT_RETURN_TYPE = YES_ERROR;
				GCC_WARN_UNDECLARED_SELECTOR = YES;
				GCC_WARN_UNINITIALIZED_AUTOS = YES_AGGRESSIVE;
				GCC_WARN_UNUSED_FUNCTION = YES;
				GCC_WARN_UNUSED_VARIABLE = YES;
				IPHONEOS_DEPLOYMENT_TARGET = 12.1;
				MTL_ENABLE_DEBUG_INFO = NO;
				MTL_FAST_MATH = YES;
				SDKROOT = iphoneos;
				SWIFT_COMPILATION_MODE = wholemodule;
				SWIFT_OPTIMIZATION_LEVEL = "-O";
				VALIDATE_PRODUCT = YES;
			};
			name = Release;
		};
		34B600EE219E51B700BC3C31 /* Debug */ = {
			isa = XCBuildConfiguration;
			baseConfigurationReference = B6A154329D94EDBFE6BCA4FA /* Pods-inkHub.debug.xcconfig */;
			buildSettings = {
				ASSETCATALOG_COMPILER_APPICON_NAME = AppIcon;
				CODE_SIGN_ENTITLEMENTS = inkHub/inkHub.entitlements;
				CODE_SIGN_STYLE = Automatic;
				DEVELOPMENT_TEAM = YD9493M265;
				INFOPLIST_FILE = inkHub/Info.plist;
				IPHONEOS_DEPLOYMENT_TARGET = 11.0;
				LD_RUNPATH_SEARCH_PATHS = (
					"$(inherited)",
					"@executable_path/Frameworks",
				);
				PRODUCT_BUNDLE_IDENTIFIER = KMTech.inkHub;
				PRODUCT_NAME = "$(TARGET_NAME)";
				SWIFT_VERSION = 4.2;
				TARGETED_DEVICE_FAMILY = "1,2";
			};
			name = Debug;
		};
		34B600EF219E51B700BC3C31 /* Release */ = {
			isa = XCBuildConfiguration;
			baseConfigurationReference = ABD03DF778614A673741A87B /* Pods-inkHub.release.xcconfig */;
			buildSettings = {
				ASSETCATALOG_COMPILER_APPICON_NAME = AppIcon;
				CODE_SIGN_ENTITLEMENTS = inkHub/inkHub.entitlements;
				CODE_SIGN_STYLE = Automatic;
				DEVELOPMENT_TEAM = YD9493M265;
				INFOPLIST_FILE = inkHub/Info.plist;
				IPHONEOS_DEPLOYMENT_TARGET = 11.0;
				LD_RUNPATH_SEARCH_PATHS = (
					"$(inherited)",
					"@executable_path/Frameworks",
				);
				PRODUCT_BUNDLE_IDENTIFIER = KMTech.inkHub;
				PRODUCT_NAME = "$(TARGET_NAME)";
				SWIFT_VERSION = 4.2;
				TARGETED_DEVICE_FAMILY = "1,2";
			};
			name = Release;
		};
		34B600F1219E51B700BC3C31 /* Debug */ = {
			isa = XCBuildConfiguration;
			baseConfigurationReference = E6AE77E49DC301ECA1567E76 /* Pods-inkHubTests.debug.xcconfig */;
			buildSettings = {
				ALWAYS_EMBED_SWIFT_STANDARD_LIBRARIES = YES;
				BUNDLE_LOADER = "$(TEST_HOST)";
				CODE_SIGN_STYLE = Automatic;
				DEVELOPMENT_TEAM = YD9493M265;
				INFOPLIST_FILE = inkHubTests/Info.plist;
				LD_RUNPATH_SEARCH_PATHS = (
					"$(inherited)",
					"@executable_path/Frameworks",
					"@loader_path/Frameworks",
				);
				PRODUCT_BUNDLE_IDENTIFIER = KMTech.inkHubTests;
				PRODUCT_NAME = "$(TARGET_NAME)";
				SWIFT_VERSION = 4.2;
				TARGETED_DEVICE_FAMILY = "1,2";
				TEST_HOST = "$(BUILT_PRODUCTS_DIR)/inkHub.app/inkHub";
			};
			name = Debug;
		};
		34B600F2219E51B700BC3C31 /* Release */ = {
			isa = XCBuildConfiguration;
			baseConfigurationReference = CEF01A01CCB2C5DD97C6073F /* Pods-inkHubTests.release.xcconfig */;
			buildSettings = {
				ALWAYS_EMBED_SWIFT_STANDARD_LIBRARIES = YES;
				BUNDLE_LOADER = "$(TEST_HOST)";
				CODE_SIGN_STYLE = Automatic;
				DEVELOPMENT_TEAM = YD9493M265;
				INFOPLIST_FILE = inkHubTests/Info.plist;
				LD_RUNPATH_SEARCH_PATHS = (
					"$(inherited)",
					"@executable_path/Frameworks",
					"@loader_path/Frameworks",
				);
				PRODUCT_BUNDLE_IDENTIFIER = KMTech.inkHubTests;
				PRODUCT_NAME = "$(TARGET_NAME)";
				SWIFT_VERSION = 4.2;
				TARGETED_DEVICE_FAMILY = "1,2";
				TEST_HOST = "$(BUILT_PRODUCTS_DIR)/inkHub.app/inkHub";
			};
			name = Release;
		};
		34B600F4219E51B700BC3C31 /* Debug */ = {
			isa = XCBuildConfiguration;
			baseConfigurationReference = 6AAFA176960EB8F4603BF476 /* Pods-inkHubUITests.debug.xcconfig */;
			buildSettings = {
				ALWAYS_EMBED_SWIFT_STANDARD_LIBRARIES = YES;
				CODE_SIGN_STYLE = Automatic;
				DEVELOPMENT_TEAM = YD9493M265;
				INFOPLIST_FILE = inkHubUITests/Info.plist;
				LD_RUNPATH_SEARCH_PATHS = (
					"$(inherited)",
					"@executable_path/Frameworks",
					"@loader_path/Frameworks",
				);
				PRODUCT_BUNDLE_IDENTIFIER = KMTech.inkHubUITests;
				PRODUCT_NAME = "$(TARGET_NAME)";
				SWIFT_VERSION = 4.2;
				TARGETED_DEVICE_FAMILY = "1,2";
				TEST_TARGET_NAME = inkHub;
			};
			name = Debug;
		};
		34B600F5219E51B700BC3C31 /* Release */ = {
			isa = XCBuildConfiguration;
			baseConfigurationReference = DBAE2616C8BA9390EE7D2570 /* Pods-inkHubUITests.release.xcconfig */;
			buildSettings = {
				ALWAYS_EMBED_SWIFT_STANDARD_LIBRARIES = YES;
				CODE_SIGN_STYLE = Automatic;
				DEVELOPMENT_TEAM = YD9493M265;
				INFOPLIST_FILE = inkHubUITests/Info.plist;
				LD_RUNPATH_SEARCH_PATHS = (
					"$(inherited)",
					"@executable_path/Frameworks",
					"@loader_path/Frameworks",
				);
				PRODUCT_BUNDLE_IDENTIFIER = KMTech.inkHubUITests;
				PRODUCT_NAME = "$(TARGET_NAME)";
				SWIFT_VERSION = 4.2;
				TARGETED_DEVICE_FAMILY = "1,2";
				TEST_TARGET_NAME = inkHub;
			};
			name = Release;
		};
/* End XCBuildConfiguration section */

/* Begin XCConfigurationList section */
		34B600C0219E51B500BC3C31 /* Build configuration list for PBXProject "inkHub" */ = {
			isa = XCConfigurationList;
			buildConfigurations = (
				34B600EB219E51B700BC3C31 /* Debug */,
				34B600EC219E51B700BC3C31 /* Release */,
			);
			defaultConfigurationIsVisible = 0;
			defaultConfigurationName = Release;
		};
		34B600ED219E51B700BC3C31 /* Build configuration list for PBXNativeTarget "inkHub" */ = {
			isa = XCConfigurationList;
			buildConfigurations = (
				34B600EE219E51B700BC3C31 /* Debug */,
				34B600EF219E51B700BC3C31 /* Release */,
			);
			defaultConfigurationIsVisible = 0;
			defaultConfigurationName = Release;
		};
		34B600F0219E51B700BC3C31 /* Build configuration list for PBXNativeTarget "inkHubTests" */ = {
			isa = XCConfigurationList;
			buildConfigurations = (
				34B600F1219E51B700BC3C31 /* Debug */,
				34B600F2219E51B700BC3C31 /* Release */,
			);
			defaultConfigurationIsVisible = 0;
			defaultConfigurationName = Release;
		};
		34B600F3219E51B700BC3C31 /* Build configuration list for PBXNativeTarget "inkHubUITests" */ = {
			isa = XCConfigurationList;
			buildConfigurations = (
				34B600F4219E51B700BC3C31 /* Debug */,
				34B600F5219E51B700BC3C31 /* Release */,
			);
			defaultConfigurationIsVisible = 0;
			defaultConfigurationName = Release;
		};
/* End XCConfigurationList section */
	};
	rootObject = 34B600BD219E51B500BC3C31 /* Project object */;
}
